
Microsoft Visual Studio Solution File, Format Version 12.00
# Visual Studio 15
VisualStudioVersion = 15.0.28010.2041
MinimumVisualStudioVersion = 10.0.40219.1
Project("{9A19103F-16F7-4668-BE54-9A1E7A4F7556}") = "VisionMuleService.Controllers", "VisionMuleService.Controllers\VisionMuleService.Controllers.csproj", "{E2C2A54F-8DAF-4A40-9A5C-7CBF69212309}"
EndProject
Project("{9A19103F-16F7-4668-BE54-9A1E7A4F7556}") = "VisionMuleService.Services", "VisionMuleService.Services\VisionMuleService.Services.csproj", "{662EDE9F-A054-4591-9E06-0195ABB89183}"
EndProject
Global
	GlobalSection(SolutionConfigurationPlatforms) = preSolution
		Debug|Any CPU = Debug|Any CPU
		Release|Any CPU = Release|Any CPU
	EndGlobalSection
	GlobalSection(ProjectConfigurationPlatforms) = postSolution
		{E2C2A54F-8DAF-4A40-9A5C-7CBF69212309}.Debug|Any CPU.ActiveCfg = Debug|Any CPU
		{E2C2A54F-8DAF-4A40-9A5C-7CBF69212309}.Debug|Any CPU.Build.0 = Debug|Any CPU
		{E2C2A54F-8DAF-4A40-9A5C-7CBF69212309}.Release|Any CPU.ActiveCfg = Release|Any CPU
		{E2C2A54F-8DAF-4A40-9A5C-7CBF69212309}.Release|Any CPU.Build.0 = Release|Any CPU
		{662EDE9F-A054-4591-9E06-0195ABB89183}.Debug|Any CPU.ActiveCfg = Debug|Any CPU
		{662EDE9F-A054-4591-9E06-0195ABB89183}.Debug|Any CPU.Build.0 = Debug|Any CPU
		{662EDE9F-A054-4591-9E06-0195ABB89183}.Release|Any CPU.ActiveCfg = Release|Any CPU
		{662EDE9F-A054-4591-9E06-0195ABB89183}.Release|Any CPU.Build.0 = Release|Any CPU
	EndGlobalSection
	GlobalSection(SolutionProperties) = preSolution
		HideSolutionNode = FALSE
	EndGlobalSection
	GlobalSection(ExtensibilityGlobals) = postSolution
		SolutionGuid = {7F564EBC-C3FD-48CF-A58A-0F61664E6AAF}
	EndGlobalSection
EndGlobal
